
Microsoft Visual Studio Solution File, Format Version 12.00
# Visual Studio Version 17
VisualStudioVersion = 17.0.31903.59
MinimumVisualStudioVersion = 10.0.40219.1
Project("{FAE04EC0-301F-11D3-BF4B-00C04F79EFBC}") = "BuberBreakfast.Contracts", "BuberBreakfast.Contracts\BuberBreakfast.Contracts.csproj", "{703EB97E-B361-453C-BDFE-13BBAB459648}"
EndProject
Project("{FAE04EC0-301F-11D3-BF4B-00C04F79EFBC}") = "BuberBreakfast", "BuberBreakfast\BuberBreakfast.csproj", "{2BCF2F62-299E-406E-86A0-2566F17E86CF}"
EndProject
Global
	GlobalSection(SolutionConfigurationPlatforms) = preSolution
		Debug|Any CPU = Debug|Any CPU
		Release|Any CPU = Release|Any CPU
	EndGlobalSection
	GlobalSection(SolutionProperties) = preSolution
		HideSolutionNode = FALSE
	EndGlobalSection
	GlobalSection(ProjectConfigurationPlatforms) = postSolution
		{703EB97E-B361-453C-BDFE-13BBAB459648}.Debug|Any CPU.ActiveCfg = Debug|Any CPU
		{703EB97E-B361-453C-BDFE-13BBAB459648}.Debug|Any CPU.Build.0 = Debug|Any CPU
		{703EB97E-B361-453C-BDFE-13BBAB459648}.Release|Any CPU.ActiveCfg = Release|Any CPU
		{703EB97E-B361-453C-BDFE-13BBAB459648}.Release|Any CPU.Build.0 = Release|Any CPU
		{2BCF2F62-299E-406E-86A0-2566F17E86CF}.Debug|Any CPU.ActiveCfg = Debug|Any CPU
		{2BCF2F62-299E-406E-86A0-2566F17E86CF}.Debug|Any CPU.Build.0 = Debug|Any CPU
		{2BCF2F62-299E-406E-86A0-2566F17E86CF}.Release|Any CPU.ActiveCfg = Release|Any CPU
		{2BCF2F62-299E-406E-86A0-2566F17E86CF}.Release|Any CPU.Build.0 = Release|Any CPU
	EndGlobalSection
EndGlobal
